
Microsoft Visual Studio Solution File, Format Version 12.00
# Visual Studio Version 17
VisualStudioVersion = 17.0.31903.59
MinimumVisualStudioVersion = 10.0.40219.1
Project("{2150E333-8FDC-42A3-9474-1A3956D46DE8}") = "src", "src", "{827E0CD3-B72D-47B6-A68D-7590B98EB39B}"
EndProject
Project("{FAE04EC0-301F-11D3-BF4B-00C04F79EFBC}") = "Shared", "src\Shared\Shared.csproj", "{A60C6B31-EFB7-4864-9B91-527A515BEE6A}"
EndProject
Project("{2150E333-8FDC-42A3-9474-1A3956D46DE8}") = "Modules", "Modules", "{EC447DCF-ABFA-6E24-52A5-D7FD48A5C558}"
EndProject
Project("{FAE04EC0-301F-11D3-BF4B-00C04F79EFBC}") = "Identity", "src\Modules\Identity\Identity.csproj", "{F4E7C1A5-2ABA-4904-B058-F527BF342A43}"
EndProject
Project("{FAE04EC0-301F-11D3-BF4B-00C04F79EFBC}") = "Identity.Contracts", "src\Modules\Identity.Contracts\Identity.Contracts.csproj", "{7BB746D3-5E01-4C32-8ADC-A127B81A0ADF}"
EndProject
Project("{FAE04EC0-301F-11D3-BF4B-00C04F79EFBC}") = "User.Contracts", "src\Modules\User.Contracts\User.Contracts.csproj", "{A8071719-C594-45C0-B6F5-5DCDAAD4FD44}"
EndProject
Project("{FAE04EC0-301F-11D3-BF4B-00C04F79EFBC}") = "User", "src\Modules\User\User.csproj", "{B282A48B-264A-48A1-8E97-CE06B10D6293}"
EndProject
Project("{FAE04EC0-301F-11D3-BF4B-00C04F79EFBC}") = "Device.Contracts", "src\Modules\Device.Contracts\Device.Contracts.csproj", "{18120E3F-20EE-42CC-A57B-E840A79B4FEE}"
EndProject
Project("{FAE04EC0-301F-11D3-BF4B-00C04F79EFBC}") = "Customer.Contracts", "src\Modules\Customer.Contracts\Customer.Contracts.csproj", "{E49D7A48-4C19-4B64-B456-4483D29D5808}"
EndProject
Project("{FAE04EC0-301F-11D3-BF4B-00C04F79EFBC}") = "Device", "src\Modules\Device\Device.csproj", "{F15B5697-04CE-4568-9BBA-DF51650CBEB0}"
EndProject
Project("{FAE04EC0-301F-11D3-BF4B-00C04F79EFBC}") = "Customer", "src\Modules\Customer\Customer.csproj", "{AC059FD2-0E79-4A80-B019-6536B8EFCE1A}"
EndProject
Project("{FAE04EC0-301F-11D3-BF4B-00C04F79EFBC}") = "TechSupport.Web", "src\TechSupport.Web\TechSupport.Web.csproj", "{BBFCB223-65DF-4602-974A-64F7C557A289}"
EndProject
Project("{FAE04EC0-301F-11D3-BF4B-00C04F79EFBC}") = "Operation", "src\Modules\Operation\Operation.csproj", "{F0C7ECA4-C7A2-42BF-96CE-750D015B7269}"
EndProject
Project("{FAE04EC0-301F-11D3-BF4B-00C04F79EFBC}") = "Operation.Contracts", "src\Modules\Operation.Contracts\Operation.Contracts.csproj", "{4AD34C21-1B13-4A22-BA6C-0EB153AFF7AD}"
EndProject
Project("{FAE04EC0-301F-11D3-BF4B-00C04F79EFBC}") = "Reports", "src\Modules\Reports\Reports.csproj", "{F3194E76-61E4-4498-B701-A0FACC56A5CF}"
EndProject
Project("{FAE04EC0-301F-11D3-BF4B-00C04F79EFBC}") = "Reports.Contracts", "src\Modules\Reports.Contracts\Reports.Contracts.csproj", "{06259B91-4AB5-4A64-8CF7-1745DCED0043}"
EndProject
Project("{FAE04EC0-301F-11D3-BF4B-00C04F79EFBC}") = "Technician", "src\Modules\Technician\Technician.csproj", "{41E7A55B-9498-4F0F-A8B1-659BFE77F7FE}"
EndProject
Project("{FAE04EC0-301F-11D3-BF4B-00C04F79EFBC}") = "Technician.Contracts", "src\Modules\Technician.Contracts\Technician.Contracts.csproj", "{28D2CBBB-593C-496D-8D30-6F7FB4C4215D}"
EndProject
Project("{FAE04EC0-301F-11D3-BF4B-00C04F79EFBC}") = "Ai", "src\Modules\Ai\Ai.csproj", "{6FF8430F-9817-4EA4-8660-6005C24B1023}"
EndProject
Project("{FAE04EC0-301F-11D3-BF4B-00C04F79EFBC}") = "Accounting", "src\Modules\Accounting\Accounting.csproj", "{6E4931CB-1C77-4E6C-8052-F8B632945492}"
EndProject
Project("{FAE04EC0-301F-11D3-BF4B-00C04F79EFBC}") = "Stock", "src\Modules\Stock\Stock.csproj", "{B25B51D7-3C0E-4F4E-AE34-8B9E147A6C0D}"
EndProject
Project("{FAE04EC0-301F-11D3-BF4B-00C04F79EFBC}") = "Stock.Contracts", "src\Modules\Stock.Contracts\Stock.Contracts.csproj", "{49D617B0-C18F-4485-A330-98B5434DED17}"
EndProject
Project("{FAE04EC0-301F-11D3-BF4B-00C04F79EFBC}") = "Trade", "src\Modules\Trade\Trade.csproj", "{C961569E-653D-4B9F-BCAF-17DE4BD76D31}"
EndProject
Project("{FAE04EC0-301F-11D3-BF4B-00C04F79EFBC}") = "Trade.Contracts", "src\Modules\Trade.Contracts\Trade.Contracts.csproj", "{2B793F7A-75CE-4B12-8513-4BF0A2E65EDF}"
EndProject
Project("{FAE04EC0-301F-11D3-BF4B-00C04F79EFBC}") = "Accounting.Contracts", "src\Modules\Accounting.Contracts\Accounting.Contracts.csproj", "{A0A83041-2C51-492F-AAB3-100850516266}"
EndProject
Project("{FAE04EC0-301F-11D3-BF4B-00C04F79EFBC}") = "Hr", "src\Modules\Hr\Hr.csproj", "{9C55A12D-F31A-4EB5-B5D8-07F0E628D8DF}"
EndProject
Project("{FAE04EC0-301F-11D3-BF4B-00C04F79EFBC}") = "Hr.Contracts", "src\Modules\Hr.Contracts\Hr.Contracts.csproj", "{922DA9C3-B1E0-4CFC-854A-8E3157556596}"
EndProject
Global
	GlobalSection(SolutionConfigurationPlatforms) = preSolution
		Debug|Any CPU = Debug|Any CPU
		Debug|x64 = Debug|x64
		Debug|x86 = Debug|x86
		Release|Any CPU = Release|Any CPU
		Release|x64 = Release|x64
		Release|x86 = Release|x86
	EndGlobalSection
	GlobalSection(ProjectConfigurationPlatforms) = postSolution
		{A60C6B31-EFB7-4864-9B91-527A515BEE6A}.Debug|Any CPU.ActiveCfg = Debug|Any CPU
		{A60C6B31-EFB7-4864-9B91-527A515BEE6A}.Debug|Any CPU.Build.0 = Debug|Any CPU
		{A60C6B31-EFB7-4864-9B91-527A515BEE6A}.Debug|x64.ActiveCfg = Debug|Any CPU
		{A60C6B31-EFB7-4864-9B91-527A515BEE6A}.Debug|x64.Build.0 = Debug|Any CPU
		{A60C6B31-EFB7-4864-9B91-527A515BEE6A}.Debug|x86.ActiveCfg = Debug|Any CPU
		{A60C6B31-EFB7-4864-9B91-527A515BEE6A}.Debug|x86.Build.0 = Debug|Any CPU
		{A60C6B31-EFB7-4864-9B91-527A515BEE6A}.Release|Any CPU.ActiveCfg = Release|Any CPU
		{A60C6B31-EFB7-4864-9B91-527A515BEE6A}.Release|Any CPU.Build.0 = Release|Any CPU
		{A60C6B31-EFB7-4864-9B91-527A515BEE6A}.Release|x64.ActiveCfg = Release|Any CPU
		{A60C6B31-EFB7-4864-9B91-527A515BEE6A}.Release|x64.Build.0 = Release|Any CPU
		{A60C6B31-EFB7-4864-9B91-527A515BEE6A}.Release|x86.ActiveCfg = Release|Any CPU
		{A60C6B31-EFB7-4864-9B91-527A515BEE6A}.Release|x86.Build.0 = Release|Any CPU
		{F4E7C1A5-2ABA-4904-B058-F527BF342A43}.Debug|Any CPU.ActiveCfg = Debug|Any CPU
		{F4E7C1A5-2ABA-4904-B058-F527BF342A43}.Debug|Any CPU.Build.0 = Debug|Any CPU
		{F4E7C1A5-2ABA-4904-B058-F527BF342A43}.Debug|x64.ActiveCfg = Debug|Any CPU
		{F4E7C1A5-2ABA-4904-B058-F527BF342A43}.Debug|x64.Build.0 = Debug|Any CPU
		{F4E7C1A5-2ABA-4904-B058-F527BF342A43}.Debug|x86.ActiveCfg = Debug|Any CPU
		{F4E7C1A5-2ABA-4904-B058-F527BF342A43}.Debug|x86.Build.0 = Debug|Any CPU
		{F4E7C1A5-2ABA-4904-B058-F527BF342A43}.Release|Any CPU.ActiveCfg = Release|Any CPU
		{F4E7C1A5-2ABA-4904-B058-F527BF342A43}.Release|Any CPU.Build.0 = Release|Any CPU
		{F4E7C1A5-2ABA-4904-B058-F527BF342A43}.Release|x64.ActiveCfg = Release|Any CPU
		{F4E7C1A5-2ABA-4904-B058-F527BF342A43}.Release|x64.Build.0 = Release|Any CPU
		{F4E7C1A5-2ABA-4904-B058-F527BF342A43}.Release|x86.ActiveCfg = Release|Any CPU
		{F4E7C1A5-2ABA-4904-B058-F527BF342A43}.Release|x86.Build.0 = Release|Any CPU
		{7BB746D3-5E01-4C32-8ADC-A127B81A0ADF}.Debug|Any CPU.ActiveCfg = Debug|Any CPU
		{7BB746D3-5E01-4C32-8ADC-A127B81A0ADF}.Debug|Any CPU.Build.0 = Debug|Any CPU
		{7BB746D3-5E01-4C32-8ADC-A127B81A0ADF}.Debug|x64.ActiveCfg = Debug|Any CPU
		{7BB746D3-5E01-4C32-8ADC-A127B81A0ADF}.Debug|x64.Build.0 = Debug|Any CPU
		{7BB746D3-5E01-4C32-8ADC-A127B81A0ADF}.Debug|x86.ActiveCfg = Debug|Any CPU
		{7BB746D3-5E01-4C32-8ADC-A127B81A0ADF}.Debug|x86.Build.0 = Debug|Any CPU
		{7BB746D3-5E01-4C32-8ADC-A127B81A0ADF}.Release|Any CPU.ActiveCfg = Release|Any CPU
		{7BB746D3-5E01-4C32-8ADC-A127B81A0ADF}.Release|Any CPU.Build.0 = Release|Any CPU
		{7BB746D3-5E01-4C32-8ADC-A127B81A0ADF}.Release|x64.ActiveCfg = Release|Any CPU
		{7BB746D3-5E01-4C32-8ADC-A127B81A0ADF}.Release|x64.Build.0 = Release|Any CPU
		{7BB746D3-5E01-4C32-8ADC-A127B81A0ADF}.Release|x86.ActiveCfg = Release|Any CPU
		{7BB746D3-5E01-4C32-8ADC-A127B81A0ADF}.Release|x86.Build.0 = Release|Any CPU
		{A8071719-C594-45C0-B6F5-5DCDAAD4FD44}.Debug|Any CPU.ActiveCfg = Debug|Any CPU
		{A8071719-C594-45C0-B6F5-5DCDAAD4FD44}.Debug|Any CPU.Build.0 = Debug|Any CPU
		{A8071719-C594-45C0-B6F5-5DCDAAD4FD44}.Debug|x64.ActiveCfg = Debug|Any CPU
		{A8071719-C594-45C0-B6F5-5DCDAAD4FD44}.Debug|x64.Build.0 = Debug|Any CPU
		{A8071719-C594-45C0-B6F5-5DCDAAD4FD44}.Debug|x86.ActiveCfg = Debug|Any CPU
		{A8071719-C594-45C0-B6F5-5DCDAAD4FD44}.Debug|x86.Build.0 = Debug|Any CPU
		{A8071719-C594-45C0-B6F5-5DCDAAD4FD44}.Release|Any CPU.ActiveCfg = Release|Any CPU
		{A8071719-C594-45C0-B6F5-5DCDAAD4FD44}.Release|Any CPU.Build.0 = Release|Any CPU
		{A8071719-C594-45C0-B6F5-5DCDAAD4FD44}.Release|x64.ActiveCfg = Release|Any CPU
		{A8071719-C594-45C0-B6F5-5DCDAAD4FD44}.Release|x64.Build.0 = Release|Any CPU
		{A8071719-C594-45C0-B6F5-5DCDAAD4FD44}.Release|x86.ActiveCfg = Release|Any CPU
		{A8071719-C594-45C0-B6F5-5DCDAAD4FD44}.Release|x86.Build.0 = Release|Any CPU
		{B282A48B-264A-48A1-8E97-CE06B10D6293}.Debug|Any CPU.ActiveCfg = Debug|Any CPU
		{B282A48B-264A-48A1-8E97-CE06B10D6293}.Debug|Any CPU.Build.0 = Debug|Any CPU
		{B282A48B-264A-48A1-8E97-CE06B10D6293}.Debug|x64.ActiveCfg = Debug|Any CPU
		{B282A48B-264A-48A1-8E97-CE06B10D6293}.Debug|x64.Build.0 = Debug|Any CPU
		{B282A48B-264A-48A1-8E97-CE06B10D6293}.Debug|x86.ActiveCfg = Debug|Any CPU
		{B282A48B-264A-48A1-8E97-CE06B10D6293}.Debug|x86.Build.0 = Debug|Any CPU
		{B282A48B-264A-48A1-8E97-CE06B10D6293}.Release|Any CPU.ActiveCfg = Release|Any CPU
		{B282A48B-264A-48A1-8E97-CE06B10D6293}.Release|Any CPU.Build.0 = Release|Any CPU
		{B282A48B-264A-48A1-8E97-CE06B10D6293}.Release|x64.ActiveCfg = Release|Any CPU
		{B282A48B-264A-48A1-8E97-CE06B10D6293}.Release|x64.Build.0 = Release|Any CPU
		{B282A48B-264A-48A1-8E97-CE06B10D6293}.Release|x86.ActiveCfg = Release|Any CPU
		{B282A48B-264A-48A1-8E97-CE06B10D6293}.Release|x86.Build.0 = Release|Any CPU
		{18120E3F-20EE-42CC-A57B-E840A79B4FEE}.Debug|Any CPU.ActiveCfg = Debug|Any CPU
		{18120E3F-20EE-42CC-A57B-E840A79B4FEE}.Debug|Any CPU.Build.0 = Debug|Any CPU
		{18120E3F-20EE-42CC-A57B-E840A79B4FEE}.Debug|x64.ActiveCfg = Debug|Any CPU
		{18120E3F-20EE-42CC-A57B-E840A79B4FEE}.Debug|x64.Build.0 = Debug|Any CPU
		{18120E3F-20EE-42CC-A57B-E840A79B4FEE}.Debug|x86.ActiveCfg = Debug|Any CPU
		{18120E3F-20EE-42CC-A57B-E840A79B4FEE}.Debug|x86.Build.0 = Debug|Any CPU
		{18120E3F-20EE-42CC-A57B-E840A79B4FEE}.Release|Any CPU.ActiveCfg = Release|Any CPU
		{18120E3F-20EE-42CC-A57B-E840A79B4FEE}.Release|Any CPU.Build.0 = Release|Any CPU
		{18120E3F-20EE-42CC-A57B-E840A79B4FEE}.Release|x64.ActiveCfg = Release|Any CPU
		{18120E3F-20EE-42CC-A57B-E840A79B4FEE}.Release|x64.Build.0 = Release|Any CPU
		{18120E3F-20EE-42CC-A57B-E840A79B4FEE}.Release|x86.ActiveCfg = Release|Any CPU
		{18120E3F-20EE-42CC-A57B-E840A79B4FEE}.Release|x86.Build.0 = Release|Any CPU
		{E49D7A48-4C19-4B64-B456-4483D29D5808}.Debug|Any CPU.ActiveCfg = Debug|Any CPU
		{E49D7A48-4C19-4B64-B456-4483D29D5808}.Debug|Any CPU.Build.0 = Debug|Any CPU
		{E49D7A48-4C19-4B64-B456-4483D29D5808}.Debug|x64.ActiveCfg = Debug|Any CPU
		{E49D7A48-4C19-4B64-B456-4483D29D5808}.Debug|x64.Build.0 = Debug|Any CPU
		{E49D7A48-4C19-4B64-B456-4483D29D5808}.Debug|x86.ActiveCfg = Debug|Any CPU
		{E49D7A48-4C19-4B64-B456-4483D29D5808}.Debug|x86.Build.0 = Debug|Any CPU
		{E49D7A48-4C19-4B64-B456-4483D29D5808}.Release|Any CPU.ActiveCfg = Release|Any CPU
		{E49D7A48-4C19-4B64-B456-4483D29D5808}.Release|Any CPU.Build.0 = Release|Any CPU
		{E49D7A48-4C19-4B64-B456-4483D29D5808}.Release|x64.ActiveCfg = Release|Any CPU
		{E49D7A48-4C19-4B64-B456-4483D29D5808}.Release|x64.Build.0 = Release|Any CPU
		{E49D7A48-4C19-4B64-B456-4483D29D5808}.Release|x86.ActiveCfg = Release|Any CPU
		{E49D7A48-4C19-4B64-B456-4483D29D5808}.Release|x86.Build.0 = Release|Any CPU
		{F15B5697-04CE-4568-9BBA-DF51650CBEB0}.Debug|Any CPU.ActiveCfg = Debug|Any CPU
		{F15B5697-04CE-4568-9BBA-DF51650CBEB0}.Debug|Any CPU.Build.0 = Debug|Any CPU
		{F15B5697-04CE-4568-9BBA-DF51650CBEB0}.Debug|x64.ActiveCfg = Debug|Any CPU
		{F15B5697-04CE-4568-9BBA-DF51650CBEB0}.Debug|x64.Build.0 = Debug|Any CPU
		{F15B5697-04CE-4568-9BBA-DF51650CBEB0}.Debug|x86.ActiveCfg = Debug|Any CPU
		{F15B5697-04CE-4568-9BBA-DF51650CBEB0}.Debug|x86.Build.0 = Debug|Any CPU
		{F15B5697-04CE-4568-9BBA-DF51650CBEB0}.Release|Any CPU.ActiveCfg = Release|Any CPU
		{F15B5697-04CE-4568-9BBA-DF51650CBEB0}.Release|Any CPU.Build.0 = Release|Any CPU
		{F15B5697-04CE-4568-9BBA-DF51650CBEB0}.Release|x64.ActiveCfg = Release|Any CPU
		{F15B5697-04CE-4568-9BBA-DF51650CBEB0}.Release|x64.Build.0 = Release|Any CPU
		{F15B5697-04CE-4568-9BBA-DF51650CBEB0}.Release|x86.ActiveCfg = Release|Any CPU
		{F15B5697-04CE-4568-9BBA-DF51650CBEB0}.Release|x86.Build.0 = Release|Any CPU
		{AC059FD2-0E79-4A80-B019-6536B8EFCE1A}.Debug|Any CPU.ActiveCfg = Debug|Any CPU
		{AC059FD2-0E79-4A80-B019-6536B8EFCE1A}.Debug|Any CPU.Build.0 = Debug|Any CPU
		{AC059FD2-0E79-4A80-B019-6536B8EFCE1A}.Debug|x64.ActiveCfg = Debug|Any CPU
		{AC059FD2-0E79-4A80-B019-6536B8EFCE1A}.Debug|x64.Build.0 = Debug|Any CPU
		{AC059FD2-0E79-4A80-B019-6536B8EFCE1A}.Debug|x86.ActiveCfg = Debug|Any CPU
		{AC059FD2-0E79-4A80-B019-6536B8EFCE1A}.Debug|x86.Build.0 = Debug|Any CPU
		{AC059FD2-0E79-4A80-B019-6536B8EFCE1A}.Release|Any CPU.ActiveCfg = Release|Any CPU
		{AC059FD2-0E79-4A80-B019-6536B8EFCE1A}.Release|Any CPU.Build.0 = Release|Any CPU
		{AC059FD2-0E79-4A80-B019-6536B8EFCE1A}.Release|x64.ActiveCfg = Release|Any CPU
		{AC059FD2-0E79-4A80-B019-6536B8EFCE1A}.Release|x64.Build.0 = Release|Any CPU
		{AC059FD2-0E79-4A80-B019-6536B8EFCE1A}.Release|x86.ActiveCfg = Release|Any CPU
		{AC059FD2-0E79-4A80-B019-6536B8EFCE1A}.Release|x86.Build.0 = Release|Any CPU
		{BBFCB223-65DF-4602-974A-64F7C557A289}.Debug|Any CPU.ActiveCfg = Debug|Any CPU
		{BBFCB223-65DF-4602-974A-64F7C557A289}.Debug|Any CPU.Build.0 = Debug|Any CPU
		{BBFCB223-65DF-4602-974A-64F7C557A289}.Debug|x64.ActiveCfg = Debug|Any CPU
		{BBFCB223-65DF-4602-974A-64F7C557A289}.Debug|x64.Build.0 = Debug|Any CPU
		{BBFCB223-65DF-4602-974A-64F7C557A289}.Debug|x86.ActiveCfg = Debug|Any CPU
		{BBFCB223-65DF-4602-974A-64F7C557A289}.Debug|x86.Build.0 = Debug|Any CPU
		{BBFCB223-65DF-4602-974A-64F7C557A289}.Release|Any CPU.ActiveCfg = Release|Any CPU
		{BBFCB223-65DF-4602-974A-64F7C557A289}.Release|Any CPU.Build.0 = Release|Any CPU
		{BBFCB223-65DF-4602-974A-64F7C557A289}.Release|x64.ActiveCfg = Release|Any CPU
		{BBFCB223-65DF-4602-974A-64F7C557A289}.Release|x64.Build.0 = Release|Any CPU
		{BBFCB223-65DF-4602-974A-64F7C557A289}.Release|x86.ActiveCfg = Release|Any CPU
		{BBFCB223-65DF-4602-974A-64F7C557A289}.Release|x86.Build.0 = Release|Any CPU
		{F0C7ECA4-C7A2-42BF-96CE-750D015B7269}.Debug|Any CPU.ActiveCfg = Debug|Any CPU
		{F0C7ECA4-C7A2-42BF-96CE-750D015B7269}.Debug|Any CPU.Build.0 = Debug|Any CPU
		{F0C7ECA4-C7A2-42BF-96CE-750D015B7269}.Debug|x64.ActiveCfg = Debug|Any CPU
		{F0C7ECA4-C7A2-42BF-96CE-750D015B7269}.Debug|x64.Build.0 = Debug|Any CPU
		{F0C7ECA4-C7A2-42BF-96CE-750D015B7269}.Debug|x86.ActiveCfg = Debug|Any CPU
		{F0C7ECA4-C7A2-42BF-96CE-750D015B7269}.Debug|x86.Build.0 = Debug|Any CPU
		{F0C7ECA4-C7A2-42BF-96CE-750D015B7269}.Release|Any CPU.ActiveCfg = Release|Any CPU
		{F0C7ECA4-C7A2-42BF-96CE-750D015B7269}.Release|Any CPU.Build.0 = Release|Any CPU
		{F0C7ECA4-C7A2-42BF-96CE-750D015B7269}.Release|x64.ActiveCfg = Release|Any CPU
		{F0C7ECA4-C7A2-42BF-96CE-750D015B7269}.Release|x64.Build.0 = Release|Any CPU
		{F0C7ECA4-C7A2-42BF-96CE-750D015B7269}.Release|x86.ActiveCfg = Release|Any CPU
		{F0C7ECA4-C7A2-42BF-96CE-750D015B7269}.Release|x86.Build.0 = Release|Any CPU
		{4AD34C21-1B13-4A22-BA6C-0EB153AFF7AD}.Debug|Any CPU.ActiveCfg = Debug|Any CPU
		{4AD34C21-1B13-4A22-BA6C-0EB153AFF7AD}.Debug|Any CPU.Build.0 = Debug|Any CPU
		{4AD34C21-1B13-4A22-BA6C-0EB153AFF7AD}.Debug|x64.ActiveCfg = Debug|Any CPU
		{4AD34C21-1B13-4A22-BA6C-0EB153AFF7AD}.Debug|x64.Build.0 = Debug|Any CPU
		{4AD34C21-1B13-4A22-BA6C-0EB153AFF7AD}.Debug|x86.ActiveCfg = Debug|Any CPU
		{4AD34C21-1B13-4A22-BA6C-0EB153AFF7AD}.Debug|x86.Build.0 = Debug|Any CPU
		{4AD34C21-1B13-4A22-BA6C-0EB153AFF7AD}.Release|Any CPU.ActiveCfg = Release|Any CPU
		{4AD34C21-1B13-4A22-BA6C-0EB153AFF7AD}.Release|Any CPU.Build.0 = Release|Any CPU
		{4AD34C21-1B13-4A22-BA6C-0EB153AFF7AD}.Release|x64.ActiveCfg = Release|Any CPU
		{4AD34C21-1B13-4A22-BA6C-0EB153AFF7AD}.Release|x64.Build.0 = Release|Any CPU
		{4AD34C21-1B13-4A22-BA6C-0EB153AFF7AD}.Release|x86.ActiveCfg = Release|Any CPU
		{4AD34C21-1B13-4A22-BA6C-0EB153AFF7AD}.Release|x86.Build.0 = Release|Any CPU
		{F3194E76-61E4-4498-B701-A0FACC56A5CF}.Debug|Any CPU.ActiveCfg = Debug|Any CPU
		{F3194E76-61E4-4498-B701-A0FACC56A5CF}.Debug|Any CPU.Build.0 = Debug|Any CPU
		{F3194E76-61E4-4498-B701-A0FACC56A5CF}.Debug|x64.ActiveCfg = Debug|Any CPU
		{F3194E76-61E4-4498-B701-A0FACC56A5CF}.Debug|x64.Build.0 = Debug|Any CPU
		{F3194E76-61E4-4498-B701-A0FACC56A5CF}.Debug|x86.ActiveCfg = Debug|Any CPU
		{F3194E76-61E4-4498-B701-A0FACC56A5CF}.Debug|x86.Build.0 = Debug|Any CPU
		{F3194E76-61E4-4498-B701-A0FACC56A5CF}.Release|Any CPU.ActiveCfg = Release|Any CPU
		{F3194E76-61E4-4498-B701-A0FACC56A5CF}.Release|Any CPU.Build.0 = Release|Any CPU
		{F3194E76-61E4-4498-B701-A0FACC56A5CF}.Release|x64.ActiveCfg = Release|Any CPU
		{F3194E76-61E4-4498-B701-A0FACC56A5CF}.Release|x64.Build.0 = Release|Any CPU
		{F3194E76-61E4-4498-B701-A0FACC56A5CF}.Release|x86.ActiveCfg = Release|Any CPU
		{F3194E76-61E4-4498-B701-A0FACC56A5CF}.Release|x86.Build.0 = Release|Any CPU
		{06259B91-4AB5-4A64-8CF7-1745DCED0043}.Debug|Any CPU.ActiveCfg = Debug|Any CPU
		{06259B91-4AB5-4A64-8CF7-1745DCED0043}.Debug|Any CPU.Build.0 = Debug|Any CPU
		{06259B91-4AB5-4A64-8CF7-1745DCED0043}.Debug|x64.ActiveCfg = Debug|Any CPU
		{06259B91-4AB5-4A64-8CF7-1745DCED0043}.Debug|x64.Build.0 = Debug|Any CPU
		{06259B91-4AB5-4A64-8CF7-1745DCED0043}.Debug|x86.ActiveCfg = Debug|Any CPU
		{06259B91-4AB5-4A64-8CF7-1745DCED0043}.Debug|x86.Build.0 = Debug|Any CPU
		{06259B91-4AB5-4A64-8CF7-1745DCED0043}.Release|Any CPU.ActiveCfg = Release|Any CPU
		{06259B91-4AB5-4A64-8CF7-1745DCED0043}.Release|Any CPU.Build.0 = Release|Any CPU
		{06259B91-4AB5-4A64-8CF7-1745DCED0043}.Release|x64.ActiveCfg = Release|Any CPU
		{06259B91-4AB5-4A64-8CF7-1745DCED0043}.Release|x64.Build.0 = Release|Any CPU
		{06259B91-4AB5-4A64-8CF7-1745DCED0043}.Release|x86.ActiveCfg = Release|Any CPU
		{06259B91-4AB5-4A64-8CF7-1745DCED0043}.Release|x86.Build.0 = Release|Any CPU
		{41E7A55B-9498-4F0F-A8B1-659BFE77F7FE}.Debug|Any CPU.ActiveCfg = Debug|Any CPU
		{41E7A55B-9498-4F0F-A8B1-659BFE77F7FE}.Debug|Any CPU.Build.0 = Debug|Any CPU
		{41E7A55B-9498-4F0F-A8B1-659BFE77F7FE}.Debug|x64.ActiveCfg = Debug|Any CPU
		{41E7A55B-9498-4F0F-A8B1-659BFE77F7FE}.Debug|x64.Build.0 = Debug|Any CPU
		{41E7A55B-9498-4F0F-A8B1-659BFE77F7FE}.Debug|x86.ActiveCfg = Debug|Any CPU
		{41E7A55B-9498-4F0F-A8B1-659BFE77F7FE}.Debug|x86.Build.0 = Debug|Any CPU
		{41E7A55B-9498-4F0F-A8B1-659BFE77F7FE}.Release|Any CPU.ActiveCfg = Release|Any CPU
		{41E7A55B-9498-4F0F-A8B1-659BFE77F7FE}.Release|Any CPU.Build.0 = Release|Any CPU
		{41E7A55B-9498-4F0F-A8B1-659BFE77F7FE}.Release|x64.ActiveCfg = Release|Any CPU
		{41E7A55B-9498-4F0F-A8B1-659BFE77F7FE}.Release|x64.Build.0 = Release|Any CPU
		{41E7A55B-9498-4F0F-A8B1-659BFE77F7FE}.Release|x86.ActiveCfg = Release|Any CPU
		{41E7A55B-9498-4F0F-A8B1-659BFE77F7FE}.Release|x86.Build.0 = Release|Any CPU
		{28D2CBBB-593C-496D-8D30-6F7FB4C4215D}.Debug|Any CPU.ActiveCfg = Debug|Any CPU
		{28D2CBBB-593C-496D-8D30-6F7FB4C4215D}.Debug|Any CPU.Build.0 = Debug|Any CPU
		{28D2CBBB-593C-496D-8D30-6F7FB4C4215D}.Debug|x64.ActiveCfg = Debug|Any CPU
		{28D2CBBB-593C-496D-8D30-6F7FB4C4215D}.Debug|x64.Build.0 = Debug|Any CPU
		{28D2CBBB-593C-496D-8D30-6F7FB4C4215D}.Debug|x86.ActiveCfg = Debug|Any CPU
		{28D2CBBB-593C-496D-8D30-6F7FB4C4215D}.Debug|x86.Build.0 = Debug|Any CPU
		{28D2CBBB-593C-496D-8D30-6F7FB4C4215D}.Release|Any CPU.ActiveCfg = Release|Any CPU
		{28D2CBBB-593C-496D-8D30-6F7FB4C4215D}.Release|Any CPU.Build.0 = Release|Any CPU
		{28D2CBBB-593C-496D-8D30-6F7FB4C4215D}.Release|x64.ActiveCfg = Release|Any CPU
		{28D2CBBB-593C-496D-8D30-6F7FB4C4215D}.Release|x64.Build.0 = Release|Any CPU
		{28D2CBBB-593C-496D-8D30-6F7FB4C4215D}.Release|x86.ActiveCfg = Release|Any CPU
		{28D2CBBB-593C-496D-8D30-6F7FB4C4215D}.Release|x86.Build.0 = Release|Any CPU
		{6FF8430F-9817-4EA4-8660-6005C24B1023}.Debug|Any CPU.ActiveCfg = Debug|Any CPU
		{6FF8430F-9817-4EA4-8660-6005C24B1023}.Debug|Any CPU.Build.0 = Debug|Any CPU
		{6FF8430F-9817-4EA4-8660-6005C24B1023}.Debug|x64.ActiveCfg = Debug|Any CPU
		{6FF8430F-9817-4EA4-8660-6005C24B1023}.Debug|x64.Build.0 = Debug|Any CPU
		{6FF8430F-9817-4EA4-8660-6005C24B1023}.Debug|x86.ActiveCfg = Debug|Any CPU
		{6FF8430F-9817-4EA4-8660-6005C24B1023}.Debug|x86.Build.0 = Debug|Any CPU
		{6FF8430F-9817-4EA4-8660-6005C24B1023}.Release|Any CPU.ActiveCfg = Release|Any CPU
		{6FF8430F-9817-4EA4-8660-6005C24B1023}.Release|Any CPU.Build.0 = Release|Any CPU
		{6FF8430F-9817-4EA4-8660-6005C24B1023}.Release|x64.ActiveCfg = Release|Any CPU
		{6FF8430F-9817-4EA4-8660-6005C24B1023}.Release|x64.Build.0 = Release|Any CPU
		{6FF8430F-9817-4EA4-8660-6005C24B1023}.Release|x86.ActiveCfg = Release|Any CPU
		{6FF8430F-9817-4EA4-8660-6005C24B1023}.Release|x86.Build.0 = Release|Any CPU
		{6E4931CB-1C77-4E6C-8052-F8B632945492}.Debug|Any CPU.ActiveCfg = Debug|Any CPU
		{6E4931CB-1C77-4E6C-8052-F8B632945492}.Debug|Any CPU.Build.0 = Debug|Any CPU
		{6E4931CB-1C77-4E6C-8052-F8B632945492}.Debug|x64.ActiveCfg = Debug|Any CPU
		{6E4931CB-1C77-4E6C-8052-F8B632945492}.Debug|x64.Build.0 = Debug|Any CPU
		{6E4931CB-1C77-4E6C-8052-F8B632945492}.Debug|x86.ActiveCfg = Debug|Any CPU
		{6E4931CB-1C77-4E6C-8052-F8B632945492}.Debug|x86.Build.0 = Debug|Any CPU
		{6E4931CB-1C77-4E6C-8052-F8B632945492}.Release|Any CPU.ActiveCfg = Release|Any CPU
		{6E4931CB-1C77-4E6C-8052-F8B632945492}.Release|Any CPU.Build.0 = Release|Any CPU
		{6E4931CB-1C77-4E6C-8052-F8B632945492}.Release|x64.ActiveCfg = Release|Any CPU
		{6E4931CB-1C77-4E6C-8052-F8B632945492}.Release|x64.Build.0 = Release|Any CPU
		{6E4931CB-1C77-4E6C-8052-F8B632945492}.Release|x86.ActiveCfg = Release|Any CPU
		{6E4931CB-1C77-4E6C-8052-F8B632945492}.Release|x86.Build.0 = Release|Any CPU
		{B25B51D7-3C0E-4F4E-AE34-8B9E147A6C0D}.Debug|Any CPU.ActiveCfg = Debug|Any CPU
		{B25B51D7-3C0E-4F4E-AE34-8B9E147A6C0D}.Debug|Any CPU.Build.0 = Debug|Any CPU
		{B25B51D7-3C0E-4F4E-AE34-8B9E147A6C0D}.Debug|x64.ActiveCfg = Debug|Any CPU
		{B25B51D7-3C0E-4F4E-AE34-8B9E147A6C0D}.Debug|x64.Build.0 = Debug|Any CPU
		{B25B51D7-3C0E-4F4E-AE34-8B9E147A6C0D}.Debug|x86.ActiveCfg = Debug|Any CPU
		{B25B51D7-3C0E-4F4E-AE34-8B9E147A6C0D}.Debug|x86.Build.0 = Debug|Any CPU
		{B25B51D7-3C0E-4F4E-AE34-8B9E147A6C0D}.Release|Any CPU.ActiveCfg = Release|Any CPU
		{B25B51D7-3C0E-4F4E-AE34-8B9E147A6C0D}.Release|Any CPU.Build.0 = Release|Any CPU
		{B25B51D7-3C0E-4F4E-AE34-8B9E147A6C0D}.Release|x64.ActiveCfg = Release|Any CPU
		{B25B51D7-3C0E-4F4E-AE34-8B9E147A6C0D}.Release|x64.Build.0 = Release|Any CPU
		{B25B51D7-3C0E-4F4E-AE34-8B9E147A6C0D}.Release|x86.ActiveCfg = Release|Any CPU
		{B25B51D7-3C0E-4F4E-AE34-8B9E147A6C0D}.Release|x86.Build.0 = Release|Any CPU
		{49D617B0-C18F-4485-A330-98B5434DED17}.Debug|Any CPU.ActiveCfg = Debug|Any CPU
		{49D617B0-C18F-4485-A330-98B5434DED17}.Debug|Any CPU.Build.0 = Debug|Any CPU
		{49D617B0-C18F-4485-A330-98B5434DED17}.Debug|x64.ActiveCfg = Debug|Any CPU
		{49D617B0-C18F-4485-A330-98B5434DED17}.Debug|x64.Build.0 = Debug|Any CPU
		{49D617B0-C18F-4485-A330-98B5434DED17}.Debug|x86.ActiveCfg = Debug|Any CPU
		{49D617B0-C18F-4485-A330-98B5434DED17}.Debug|x86.Build.0 = Debug|Any CPU
		{49D617B0-C18F-4485-A330-98B5434DED17}.Release|Any CPU.ActiveCfg = Release|Any CPU
		{49D617B0-C18F-4485-A330-98B5434DED17}.Release|Any CPU.Build.0 = Release|Any CPU
		{49D617B0-C18F-4485-A330-98B5434DED17}.Release|x64.ActiveCfg = Release|Any CPU
		{49D617B0-C18F-4485-A330-98B5434DED17}.Release|x64.Build.0 = Release|Any CPU
		{49D617B0-C18F-4485-A330-98B5434DED17}.Release|x86.ActiveCfg = Release|Any CPU
		{49D617B0-C18F-4485-A330-98B5434DED17}.Release|x86.Build.0 = Release|Any CPU
		{C961569E-653D-4B9F-BCAF-17DE4BD76D31}.Debug|Any CPU.ActiveCfg = Debug|Any CPU
		{C961569E-653D-4B9F-BCAF-17DE4BD76D31}.Debug|Any CPU.Build.0 = Debug|Any CPU
		{C961569E-653D-4B9F-BCAF-17DE4BD76D31}.Debug|x64.ActiveCfg = Debug|Any CPU
		{C961569E-653D-4B9F-BCAF-17DE4BD76D31}.Debug|x64.Build.0 = Debug|Any CPU
		{C961569E-653D-4B9F-BCAF-17DE4BD76D31}.Debug|x86.ActiveCfg = Debug|Any CPU
		{C961569E-653D-4B9F-BCAF-17DE4BD76D31}.Debug|x86.Build.0 = Debug|Any CPU
		{C961569E-653D-4B9F-BCAF-17DE4BD76D31}.Release|Any CPU.ActiveCfg = Release|Any CPU
		{C961569E-653D-4B9F-BCAF-17DE4BD76D31}.Release|Any CPU.Build.0 = Release|Any CPU
		{C961569E-653D-4B9F-BCAF-17DE4BD76D31}.Release|x64.ActiveCfg = Release|Any CPU
		{C961569E-653D-4B9F-BCAF-17DE4BD76D31}.Release|x64.Build.0 = Release|Any CPU
		{C961569E-653D-4B9F-BCAF-17DE4BD76D31}.Release|x86.ActiveCfg = Release|Any CPU
		{C961569E-653D-4B9F-BCAF-17DE4BD76D31}.Release|x86.Build.0 = Release|Any CPU
		{2B793F7A-75CE-4B12-8513-4BF0A2E65EDF}.Debug|Any CPU.ActiveCfg = Debug|Any CPU
		{2B793F7A-75CE-4B12-8513-4BF0A2E65EDF}.Debug|Any CPU.Build.0 = Debug|Any CPU
		{2B793F7A-75CE-4B12-8513-4BF0A2E65EDF}.Debug|x64.ActiveCfg = Debug|Any CPU
		{2B793F7A-75CE-4B12-8513-4BF0A2E65EDF}.Debug|x64.Build.0 = Debug|Any CPU
		{2B793F7A-75CE-4B12-8513-4BF0A2E65EDF}.Debug|x86.ActiveCfg = Debug|Any CPU
		{2B793F7A-75CE-4B12-8513-4BF0A2E65EDF}.Debug|x86.Build.0 = Debug|Any CPU
		{2B793F7A-75CE-4B12-8513-4BF0A2E65EDF}.Release|Any CPU.ActiveCfg = Release|Any CPU
		{2B793F7A-75CE-4B12-8513-4BF0A2E65EDF}.Release|Any CPU.Build.0 = Release|Any CPU
		{2B793F7A-75CE-4B12-8513-4BF0A2E65EDF}.Release|x64.ActiveCfg = Release|Any CPU
		{2B793F7A-75CE-4B12-8513-4BF0A2E65EDF}.Release|x64.Build.0 = Release|Any CPU
		{2B793F7A-75CE-4B12-8513-4BF0A2E65EDF}.Release|x86.ActiveCfg = Release|Any CPU
		{2B793F7A-75CE-4B12-8513-4BF0A2E65EDF}.Release|x86.Build.0 = Release|Any CPU
		{A0A83041-2C51-492F-AAB3-100850516266}.Debug|Any CPU.ActiveCfg = Debug|Any CPU
		{A0A83041-2C51-492F-AAB3-100850516266}.Debug|Any CPU.Build.0 = Debug|Any CPU
		{A0A83041-2C51-492F-AAB3-100850516266}.Debug|x64.ActiveCfg = Debug|Any CPU
		{A0A83041-2C51-492F-AAB3-100850516266}.Debug|x64.Build.0 = Debug|Any CPU
		{A0A83041-2C51-492F-AAB3-100850516266}.Debug|x86.ActiveCfg = Debug|Any CPU
		{A0A83041-2C51-492F-AAB3-100850516266}.Debug|x86.Build.0 = Debug|Any CPU
		{A0A83041-2C51-492F-AAB3-100850516266}.Release|Any CPU.ActiveCfg = Release|Any CPU
		{A0A83041-2C51-492F-AAB3-100850516266}.Release|Any CPU.Build.0 = Release|Any CPU
		{A0A83041-2C51-492F-AAB3-100850516266}.Release|x64.ActiveCfg = Release|Any CPU
		{A0A83041-2C51-492F-AAB3-100850516266}.Release|x64.Build.0 = Release|Any CPU
		{A0A83041-2C51-492F-AAB3-100850516266}.Release|x86.ActiveCfg = Release|Any CPU
		{A0A83041-2C51-492F-AAB3-100850516266}.Release|x86.Build.0 = Release|Any CPU
		{9C55A12D-F31A-4EB5-B5D8-07F0E628D8DF}.Debug|Any CPU.ActiveCfg = Debug|Any CPU
		{9C55A12D-F31A-4EB5-B5D8-07F0E628D8DF}.Debug|Any CPU.Build.0 = Debug|Any CPU
		{9C55A12D-F31A-4EB5-B5D8-07F0E628D8DF}.Debug|x64.ActiveCfg = Debug|Any CPU
		{9C55A12D-F31A-4EB5-B5D8-07F0E628D8DF}.Debug|x64.Build.0 = Debug|Any CPU
		{9C55A12D-F31A-4EB5-B5D8-07F0E628D8DF}.Debug|x86.ActiveCfg = Debug|Any CPU
		{9C55A12D-F31A-4EB5-B5D8-07F0E628D8DF}.Debug|x86.Build.0 = Debug|Any CPU
		{9C55A12D-F31A-4EB5-B5D8-07F0E628D8DF}.Release|Any CPU.ActiveCfg = Release|Any CPU
		{9C55A12D-F31A-4EB5-B5D8-07F0E628D8DF}.Release|Any CPU.Build.0 = Release|Any CPU
		{9C55A12D-F31A-4EB5-B5D8-07F0E628D8DF}.Release|x64.ActiveCfg = Release|Any CPU
		{9C55A12D-F31A-4EB5-B5D8-07F0E628D8DF}.Release|x64.Build.0 = Release|Any CPU
		{9C55A12D-F31A-4EB5-B5D8-07F0E628D8DF}.Release|x86.ActiveCfg = Release|Any CPU
		{9C55A12D-F31A-4EB5-B5D8-07F0E628D8DF}.Release|x86.Build.0 = Release|Any CPU
		{922DA9C3-B1E0-4CFC-854A-8E3157556596}.Debug|Any CPU.ActiveCfg = Debug|Any CPU
		{922DA9C3-B1E0-4CFC-854A-8E3157556596}.Debug|Any CPU.Build.0 = Debug|Any CPU
		{922DA9C3-B1E0-4CFC-854A-8E3157556596}.Debug|x64.ActiveCfg = Debug|Any CPU
		{922DA9C3-B1E0-4CFC-854A-8E3157556596}.Debug|x64.Build.0 = Debug|Any CPU
		{922DA9C3-B1E0-4CFC-854A-8E3157556596}.Debug|x86.ActiveCfg = Debug|Any CPU
		{922DA9C3-B1E0-4CFC-854A-8E3157556596}.Debug|x86.Build.0 = Debug|Any CPU
		{922DA9C3-B1E0-4CFC-854A-8E3157556596}.Release|Any CPU.ActiveCfg = Release|Any CPU
		{922DA9C3-B1E0-4CFC-854A-8E3157556596}.Release|Any CPU.Build.0 = Release|Any CPU
		{922DA9C3-B1E0-4CFC-854A-8E3157556596}.Release|x64.ActiveCfg = Release|Any CPU
		{922DA9C3-B1E0-4CFC-854A-8E3157556596}.Release|x64.Build.0 = Release|Any CPU
		{922DA9C3-B1E0-4CFC-854A-8E3157556596}.Release|x86.ActiveCfg = Release|Any CPU
		{922DA9C3-B1E0-4CFC-854A-8E3157556596}.Release|x86.Build.0 = Release|Any CPU
	EndGlobalSection
	GlobalSection(SolutionProperties) = preSolution
		HideSolutionNode = FALSE
	EndGlobalSection
	GlobalSection(NestedProjects) = preSolution
		{A60C6B31-EFB7-4864-9B91-527A515BEE6A} = {827E0CD3-B72D-47B6-A68D-7590B98EB39B}
		{EC447DCF-ABFA-6E24-52A5-D7FD48A5C558} = {827E0CD3-B72D-47B6-A68D-7590B98EB39B}
		{F4E7C1A5-2ABA-4904-B058-F527BF342A43} = {EC447DCF-ABFA-6E24-52A5-D7FD48A5C558}
		{7BB746D3-5E01-4C32-8ADC-A127B81A0ADF} = {EC447DCF-ABFA-6E24-52A5-D7FD48A5C558}
		{A8071719-C594-45C0-B6F5-5DCDAAD4FD44} = {EC447DCF-ABFA-6E24-52A5-D7FD48A5C558}
		{B282A48B-264A-48A1-8E97-CE06B10D6293} = {EC447DCF-ABFA-6E24-52A5-D7FD48A5C558}
		{18120E3F-20EE-42CC-A57B-E840A79B4FEE} = {EC447DCF-ABFA-6E24-52A5-D7FD48A5C558}
		{E49D7A48-4C19-4B64-B456-4483D29D5808} = {EC447DCF-ABFA-6E24-52A5-D7FD48A5C558}
		{F15B5697-04CE-4568-9BBA-DF51650CBEB0} = {EC447DCF-ABFA-6E24-52A5-D7FD48A5C558}
		{AC059FD2-0E79-4A80-B019-6536B8EFCE1A} = {EC447DCF-ABFA-6E24-52A5-D7FD48A5C558}
		{BBFCB223-65DF-4602-974A-64F7C557A289} = {827E0CD3-B72D-47B6-A68D-7590B98EB39B}
		{F0C7ECA4-C7A2-42BF-96CE-750D015B7269} = {EC447DCF-ABFA-6E24-52A5-D7FD48A5C558}
		{4AD34C21-1B13-4A22-BA6C-0EB153AFF7AD} = {EC447DCF-ABFA-6E24-52A5-D7FD48A5C558}
		{F3194E76-61E4-4498-B701-A0FACC56A5CF} = {EC447DCF-ABFA-6E24-52A5-D7FD48A5C558}
		{06259B91-4AB5-4A64-8CF7-1745DCED0043} = {EC447DCF-ABFA-6E24-52A5-D7FD48A5C558}
		{41E7A55B-9498-4F0F-A8B1-659BFE77F7FE} = {EC447DCF-ABFA-6E24-52A5-D7FD48A5C558}
		{28D2CBBB-593C-496D-8D30-6F7FB4C4215D} = {EC447DCF-ABFA-6E24-52A5-D7FD48A5C558}
		{6FF8430F-9817-4EA4-8660-6005C24B1023} = {EC447DCF-ABFA-6E24-52A5-D7FD48A5C558}
		{6E4931CB-1C77-4E6C-8052-F8B632945492} = {EC447DCF-ABFA-6E24-52A5-D7FD48A5C558}
		{B25B51D7-3C0E-4F4E-AE34-8B9E147A6C0D} = {EC447DCF-ABFA-6E24-52A5-D7FD48A5C558}
		{49D617B0-C18F-4485-A330-98B5434DED17} = {EC447DCF-ABFA-6E24-52A5-D7FD48A5C558}
		{C961569E-653D-4B9F-BCAF-17DE4BD76D31} = {EC447DCF-ABFA-6E24-52A5-D7FD48A5C558}
		{2B793F7A-75CE-4B12-8513-4BF0A2E65EDF} = {EC447DCF-ABFA-6E24-52A5-D7FD48A5C558}
		{A0A83041-2C51-492F-AAB3-100850516266} = {EC447DCF-ABFA-6E24-52A5-D7FD48A5C558}
		{9C55A12D-F31A-4EB5-B5D8-07F0E628D8DF} = {EC447DCF-ABFA-6E24-52A5-D7FD48A5C558}
		{922DA9C3-B1E0-4CFC-854A-8E3157556596} = {EC447DCF-ABFA-6E24-52A5-D7FD48A5C558}
	EndGlobalSection
EndGlobal
